
Microsoft Visual Studio Solution File, Format Version 12.00
# Visual Studio Version 17
VisualStudioVersion = 17.0.31903.59
MinimumVisualStudioVersion = 10.0.40219.1
Project("{2150E333-8FDC-42A3-9474-1A3956D46DE8}") = "src", "src", "{DDB2D96C-2FFC-439B-8625-134A3CB72C64}"
EndProject
Project("{9A19103F-16F7-4668-BE54-9A1E7A4F7556}") = "WebApp", "src\WebApp\WebApp.csproj", "{44DECFBA-25B8-457D-9A69-7AE4C66144D4}"
EndProject
Project("{9A19103F-16F7-4668-BE54-9A1E7A4F7556}") = "ApiApp", "src\ApiApp\ApiApp.csproj", "{47392658-FC1C-454C-AADB-922C7A2F51D0}"
EndProject
Global
	GlobalSection(SolutionConfigurationPlatforms) = preSolution
		Debug|Any CPU = Debug|Any CPU
		Release|Any CPU = Release|Any CPU
	EndGlobalSection
	GlobalSection(ProjectConfigurationPlatforms) = postSolution
		{44DECFBA-25B8-457D-9A69-7AE4C66144D4}.Debug|Any CPU.ActiveCfg = Debug|Any CPU
		{44DECFBA-25B8-457D-9A69-7AE4C66144D4}.Debug|Any CPU.Build.0 = Debug|Any CPU
		{44DECFBA-25B8-457D-9A69-7AE4C66144D4}.Release|Any CPU.ActiveCfg = Release|Any CPU
		{44DECFBA-25B8-457D-9A69-7AE4C66144D4}.Release|Any CPU.Build.0 = Release|Any CPU
		{47392658-FC1C-454C-AADB-922C7A2F51D0}.Debug|Any CPU.ActiveCfg = Debug|Any CPU
		{47392658-FC1C-454C-AADB-922C7A2F51D0}.Debug|Any CPU.Build.0 = Debug|Any CPU
		{47392658-FC1C-454C-AADB-922C7A2F51D0}.Release|Any CPU.ActiveCfg = Release|Any CPU
		{47392658-FC1C-454C-AADB-922C7A2F51D0}.Release|Any CPU.Build.0 = Release|Any CPU
	EndGlobalSection
	GlobalSection(SolutionProperties) = preSolution
		HideSolutionNode = FALSE
	EndGlobalSection
	GlobalSection(NestedProjects) = preSolution
		{44DECFBA-25B8-457D-9A69-7AE4C66144D4} = {DDB2D96C-2FFC-439B-8625-134A3CB72C64}
		{47392658-FC1C-454C-AADB-922C7A2F51D0} = {DDB2D96C-2FFC-439B-8625-134A3CB72C64}
	EndGlobalSection
	GlobalSection(ExtensibilityGlobals) = postSolution
		SolutionGuid = {E77BC9AE-14BE-4A66-A3C9-C2D2EA3BCC13}
	EndGlobalSection
EndGlobal
